
Microsoft Visual Studio Solution File, Format Version 11.00
# Visual Studio 2010
Project("{8BC9CEB8-8B4A-11D0-8D11-00A0C91BC942}") = "LuaMSVS", "LuaMSVS.vcxproj", "{4BE7B0D1-871C-4801-845A-8B6643E3D35D}"
EndProject
Global
	GlobalSection(SolutionConfigurationPlatforms) = preSolution
		Debug|Win32 = Debug|Win32
		Release|Win32 = Release|Win32
	EndGlobalSection
	GlobalSection(ProjectConfigurationPlatforms) = postSolution
		{4BE7B0D1-871C-4801-845A-8B6643E3D35D}.Debug|Win32.ActiveCfg = Debug|Win32
		{4BE7B0D1-871C-4801-845A-8B6643E3D35D}.Debug|Win32.Build.0 = Debug|Win32
		{4BE7B0D1-871C-4801-845A-8B6643E3D35D}.Release|Win32.ActiveCfg = Release|Win32
		{4BE7B0D1-871C-4801-845A-8B6643E3D35D}.Release|Win32.Build.0 = Release|Win32
	EndGlobalSection
	GlobalSection(SolutionProperties) = preSolution
		HideSolutionNode = FALSE
	EndGlobalSection
EndGlobal
